# MIGA-80 validated macOS cross-toolchain
# Generated after a successful full build and C99/68020 smoke test.

manifest_format=1
validated_at=2026-09-05

[host]
architecture=arm64
macos_version=14.1
macos_build=23B2073
command_line_tools=15.0.0.0.1.1694021235
homebrew_prefix=/opt/homebrew
source_path=$HOME/dev/toolchains/m68k-amigaos-gcc
install_prefix=$HOME/.local/m68k-amigaos

[build]
target=m68k-amigaos
ndk=3.2
ndk_sha256=96cabd4ad683dced632e147bf86dee0f50dcb1254386216c25c362916a6409bb
host_cc=gcc-12
host_cc_version=12.5.0
make_jobs=11
amigaports_commit=7608f8ab1bb07348bf929559ee81a2a3936bbf35
fd2sfd_configure_regenerated_with_autoconf=2.73

[target_tools]
gcc=16.2.0b-20260825082934
binutils=2.46.0.20260504
gdb=18.0.50.20260504-git
vasm=2.0b

[projects]
amiga-netinclude=7d155ca3a3090afe3466f819dd178f2af6f5c176
aros-stuff=86711c70569ffc6b70ee1fb99895866c1d9f30e4
binutils=5f30cc651cf37492ca2f493134e3eeebfddea942
clib2=694064c4000b335247164773dd2d231e809a8e8e
fd2pragma=bcffac5c89295baf1db033addc984312b4b4a722
fd2sfd=189ac23b5b2d0d0555381404d75e0508c2e95920
gcc=9529cbe261ce8e0edf777fc8aa5c0b2c6917bcd2
ira=bb7c11384a32c409341fdb0d16d715b7959a0290
ixemul=f0dd997994263c6ac783b563222a9f53a00c013c
libdebug=42d9d3a7a0d26fa4679384ffc78cf79fbce394d8
libnix=19d995d467bf6ff24d290ca79e4bd632e7e74979
newlib-cygwin=f8a30323a9f1ce29bba14a6c5838b44c10b45969
sfdc=d8b5dc35ee2f576f9effd2a51e73efeadfb17b25
vasm=71539c0cee85d5c1a45a7adf63debc7b5dd59615
vbcc=4e7294e09481cc2104857c608169dc6d7459b810
vlink=ce46ccfda0e30eda5b12b9a5d0259d8eaefdefe9

[host_compiler_validation]
musashi_commit=313ebf1bd9f4d0d93341eb5ce21fd8a119e9dbdd
musashi_archive_sha256=8bed9e28e7e5377256d41aff80a99c9e917a24e7392d9219e1c45c40ad4000e5
musashi_cpu=68EC020
compiler_development_assembler=m68k-amigaos-as
compiler_development_object=amiga_relocatable
compiler_development_flat_extractor=m68k-amigaos-objcopy
miga_lua_native_abi=0.6

[homebrew]
autoconf=2.73
automake=1.18.1_1
bash=5.3.15
bison=3.8.2
coreutils=9.11
flex=2.6.4_2
fs-uae=3.2.35
gcc_at_12=12.5.0
gettext=1.0
gmp=6.3.0
gnu-sed=4.10
gnu-tar=1.35_1
grep=3.12
lhasa=0.6.0
libmpc=1.4.1
make=4.4.1
mpfr=4.2.2
pipx=1.17.1
python_at_3_13=3.13.15
texinfo=7.3_1
wget=1.25.0
xz=5.8.3

[python_tools]
python=3.13.15
pip=26.2.1
amitools=0.8.1
machine68k=0.3.0

[validation]
miga68k_musashi_archive_checksum=pass
miga68k_68ec020_mul_add_execution=pass
miga68k_abi_and_stack_guards=pass
miga68k_invalid_memory_detection=pass
miga68k_instruction_limit=pass
miga68k_abi_saved_register_negative_control=pass
miga80c_native_abi_0_6=pass_exact_width_scalars_q16_16_fixed_division_explicit_fixed_conversions_immutable_values_mixed_register_classes_and_controlled_fault_entry_at_context_offset_0
miga80c_amiga_bootstrap_eval=pass
miga80c_amiga_o1_renderer_identity=pass
miga80c_amiga_o1_locals_renderer_identity=pass
miga80c_amiga_o1_spill_renderer_identity=pass
miga80c_amiga_o1_conditionals_renderer_identity=pass
miga80c_amiga_o1_loops_renderer_identity=pass
miga80c_amiga_o1_loop_control_renderer_identity=pass
miga80c_amiga_o1_division_renderer_identity=pass
miga80c_amiga_o1_narrow_integer_renderer_identity=pass
miga80c_amiga_o1_immutable_value_renderer_identity=pass
miga80c_amiga_o1_fixed_point_renderer_identity=pass
miga80c_amiga_fixed_point_evaluator_identity=pass
miga80c_amiga_o1_fixed_division_renderer_identity=pass
miga80c_amiga_fixed_division_evaluator_identity=pass
miga80c_amiga_o1_conversions_renderer_identity=pass
miga80c_amiga_conversions_evaluator_identity=pass
miga80c_amiga_bootstrap_bytes_os=70872
miga80c_amiga_bootstrap_text_bytes_os=70472
miga80c_amiga_bootstrap_data_bytes_os=280
miga80c_amiga_bootstrap_bss_bytes_os=120
miga80c_typed_value_frontend=pass_i8_u8_i16_u16_i32_fix_bool_string_symbol_explicit
miga80c_typed_value_locals=pass_i8_u8_i16_u16_i32_fix_bool_string_symbol_16_locals_32_statements
miga80c_fix_q_format=signed_q16_16
miga80c_fix_literal_conversion=pass_integer_only_nearest_ties_away_from_zero_1_to_9_fractional_digits
miga80c_fix_add_sub_neg=pass_wrap_u32
miga80c_fix_multiply=pass_signed_64_product_bits_16_47_round_negative_infinity_wrap_u32
miga80c_fix_division=pass_signed_scaled_quotient_truncate_toward_zero_wrap_u32
miga80c_fix_from_i32=pass_explicit_exact_inclusive_range_minus_32768_to_32767
miga80c_i32_from_fix=pass_explicit_truncate_toward_zero
miga80c_conversion_out_of_range=pass_constant_rejection_dynamic_controlled_fault_2_source_location
miga80c_fix_no_floating_point_helpers=pass_target_link_map
miga80c_string_symbol_types=pass_bounded_deduplicated_pool_inline_string_descriptors_interned_symbol_ids
miga80c_immutable_pool_entries=32
miga80c_immutable_pool_payload_bytes=1024
miga80c_string_descriptor=pass_u32_length_then_payload_no_required_nul
miga80c_string_equality=pass_canonical_pointer_identity
miga80c_symbol_equality=pass_nonzero_interned_u32_identity
miga80c_mixed_argument_registers=pass_three_scalar_d0_d2_two_string_a0_a1
miga80c_integer_constant_conversion=pass_i32_to_narrow_only_when_compile_time_representable
miga80c_typed_ir_oracle=pass
miga80c_typed_ir_cfg=pass_19_blocks
miga80c_typed_ir_loops=pass_preheader_header_body_single_latch_single_exit_binary_funnels
miga80c_loop_normal_form=pass_dedicated_latch_unique_exit
miga80c_loop_membership=pass_nested_structured_bitsets
miga80c_break_continue=pass_multiple_sites_nearest_nested_loop
miga80c_loop_control_funnels=pass_binary_predecessor_bound
miga80c_signed_i32_division=pass_truncate_toward_zero_min_over_minus_one_wraps
miga80c_division_by_zero=pass_integer_and_fix_constant_rejection_dynamic_controlled_fault_source_location
miga80c_statement_divide_assign=pass_all_numeric_types_statement_only
miga80c_fallthrough_jump_elision=pass_o0_o1
miga80c_value_ir_o1=pass
miga80c_value_ir_phi=pass
miga80c_value_ir_loop_phi=pass_forward_backedge_operands
miga80c_cfg_liveness=pass_fixed_point_edge_phi_uses
miga80c_phi_slot_coalescing=pass_6_values_2_slots
miga80c_phi_parallel_copy=pass_cycle_temporary_slot
miga80c_gnu_m68k_renderer=pass
miga80c_musashi_differential=pass_168_o0_o1_bool_if_while_break_continue_signed_unsigned_fix_division_conversion_narrow_immutable_locals_spill_executions
miga80c_o1_spill_frame=pass_3_slots_36_stack_bytes
miga80c_o1_spill_code_bytes=96
miga80c_o1_spill_instructions=33
miga80c_o1_arithmetic_code_bytes=28
miga80c_o1_arithmetic_instructions=12
miga80c_o1_arithmetic_stack_bytes=4
miga80c_o1_locals_code_bytes=28
miga80c_o1_locals_instructions=12
miga80c_o1_locals_stack_bytes=4
miga80c_o1_conditionals_code_bytes=356
miga80c_o1_conditionals_instructions_min=60
miga80c_o1_conditionals_instructions_max=62
miga80c_o1_conditionals_stack_bytes=24
miga80c_o1_loops_code_bytes=188
miga80c_o1_loops_instructions=164
miga80c_o1_loops_stack_bytes=28
miga80c_o1_loop_control_code_bytes=288
miga80c_o1_loop_control_instructions_min=39
miga80c_o1_loop_control_instructions_max=352
miga80c_o1_loop_control_stack_bytes=32
miga80c_o0_division_code_bytes=108
miga80c_o0_division_instructions=28
miga80c_o0_division_stack_bytes=28
miga80c_o1_division_code_bytes=44
miga80c_o1_division_instructions=7
miga80c_o1_division_stack_bytes=0
miga80c_o0_narrow_integer_code_bytes=472
miga80c_o0_narrow_integer_instructions_min=43
miga80c_o0_narrow_integer_instructions_max=110
miga80c_o0_narrow_integer_stack_bytes=44
miga80c_o1_narrow_integer_code_bytes=220
miga80c_o1_narrow_integer_instructions_min=15
miga80c_o1_narrow_integer_instructions_max=34
miga80c_o1_narrow_integer_stack_bytes=20
miga80c_o0_immutable_value_code_bytes=196
miga80c_o0_immutable_value_instructions_min=46
miga80c_o0_immutable_value_instructions_max=47
miga80c_o0_immutable_value_stack_bytes=28
miga80c_o1_immutable_value_code_bytes=136
miga80c_o1_immutable_value_instructions_min=23
miga80c_o1_immutable_value_instructions_max=24
miga80c_o1_immutable_value_stack_bytes=16
miga80c_o0_fixed_point_code_bytes=196
miga80c_o0_fixed_point_instructions_min=57
miga80c_o0_fixed_point_instructions_max=58
miga80c_o0_fixed_point_stack_bytes=28
miga80c_o1_fixed_point_code_bytes=104
miga80c_o1_fixed_point_instructions_min=25
miga80c_o1_fixed_point_instructions_max=26
miga80c_o1_fixed_point_stack_bytes=16
miga80c_o0_fixed_division_code_bytes=300
miga80c_o0_fixed_division_instructions_min=16
miga80c_o0_fixed_division_instructions_max=101
miga80c_o0_fixed_division_stack_bytes=28
miga80c_o1_fixed_division_code_bytes=164
miga80c_o1_fixed_division_instructions_min=10
miga80c_o1_fixed_division_instructions_max=55
miga80c_o1_fixed_division_stack_bytes=16
miga80c_o0_conversions_code_bytes=208
miga80c_o0_conversions_instructions_min=15
miga80c_o0_conversions_instructions_max=50
miga80c_o0_conversions_stack_bytes=32
miga80c_o1_conversions_code_bytes=112
miga80c_o1_conversions_instructions_min=11
miga80c_o1_conversions_instructions_max=26
miga80c_o1_conversions_stack_bytes=16
c99_compile=pass
amiga_hunk_link=pass
amigaos_dos_api_link=pass
vasm_68020_hunk_object=pass
gdb_amiga_hunk_load=pass
hunktool_loadseg_validation=pass
vamos_68020_execution=pass
xdftool_ofs_image=pass
xdftool_ffs_image=pass
xdfscan_ofs_and_ffs=pass
fs_uae_a1200_ks30_rom_launch=pass
fs_uae_a1200_ks30_hd_launch=pass
fs_uae_model=A1200
fs_uae_video_standard=PAL
fs_uae_chip_memory_kib=2048
fs_uae_fast_memory_kib=0
fs_uae_cpu=68020
fs_uae_fpu=none
fs_uae_jit=disabled
kickstart_30_revision=39.106
kickstart_30_recognized=pass
kickstart_31_revision=pending_stock_40.68
workbench_30_candidate_hdf_scan=pass
workbench_30_system_mount=read_only
project_staging_mount=read_write
hosted_bootstrap_c99_compile=pass
hosted_bootstrap_hunk_file_bytes=3772
hosted_bootstrap_text_bytes=1756
hosted_bootstrap_data_bytes=32
hosted_bootstrap_bss_bytes=40
hosted_bootstrap_vamos_execution=pass
fs_uae_staged_hunk_execution=pass
fs_uae_amigados_output_roundtrip=pass
fs_uae_audio_output=pending_openal_errors
c_runtime=libnix
c_runtime_selector=-mcrt=nix20
c_runtime_status=initial_phase0_lock
target_abi=m68k-amigaos_hunk_68020_soft_float
c_runtime_matrix_libnix=pass_vamos_fs_uae_ks30
c_runtime_matrix_clib2=pass_vamos_fs_uae_ks30
c_runtime_matrix_newlib=fail
c_runtime_newlib_rename=undefined_link
c_runtime_newlib_missing_fopen_errno=fail
c_runtime_newlib_fs_uae=missing_mathieeedoubbas
aga_screen_smoke_c99_compile=pass
aga_screen_smoke_hunk_file_bytes=7816
aga_screen_smoke_text_bytes=5164
aga_screen_smoke_data_bytes=208
aga_screen_smoke_bss_bytes=824
aga_screen_smoke_mode_id=0x00021400
aga_screen_smoke_dimensions=256x256x8
aga_screen_smoke_playfields=pf1_front_pf2_back_4x4
aga_screen_smoke_palette_bases=0_16
aga_screen_smoke_chip_planes=8
aga_screen_smoke_chunky_bytes=65536
aga_screen_smoke_reference_c2p=pass
aga_screen_smoke_repeat_restoration=pass
aga_screen_smoke_fs_uae_ks30=pass
c2p_reference_host_compile=pass
c2p_reference_single_byte_golden=pass
c2p_reference_strided_golden=pass
c2p_reference_full_frame_golden=pass
c2p_reference_layouts=fb8,packed4_x2,byte4_x2,front_byte4_back_packed4
c2p_reference_all_layouts_byte_exact=pass
graphics_reference_host_compile=pass
graphics_reference_host_asan_ubsan=pass
graphics_reference_m68k_compile=pass
graphics_reference_three_layer_golden=pass
graphics_reference_backend_hint_equivalence=pass
graphics_reference_clipping_camera_stride=pass
graphics_reference_argument_contract=pass
aga_reference_decoder_host_compile=pass
aga_reference_decoder_host_asan_ubsan=pass
aga_reference_decoder_m68k_compile=pass
aga_reference_decoder_single_byte_golden=pass
aga_reference_decoder_c2p_differential=pass
aga_reference_decoder_stride_argument_contract=pass
graphics_benchmark_report_format=1
graphics_benchmark_report_validator=pass
graphics_benchmark_report_oracle_match_required=pass
c2p4_reference_host_compile=pass
c2p4_reference_host_asan_ubsan=pass
c2p4_reference_single_byte_golden=pass
c2p4_reference_profiles=160x128,192x160,256x256
c2p4_reference_layouts=packed4,byte4
c2p4_reference_backends=scalar_c99,pair_lut_c99,pair_lut_m68k,mask32_c99,mask32_m68k
c2p4_reference_backend_byte_exact=pass
c2p4_reference_compositor_aga_differential=pass
c2p4_reference_mask32_width_contract=pass
c2p4_benchmark_hunk_file_bytes=20476
c2p4_benchmark_text_bytes=16580
c2p4_benchmark_data_bytes=184
c2p4_benchmark_bss_bytes=1076
c2p4_benchmark_cases=24
c2p4_benchmark_source_memory=chip_verified
c2p4_benchmark_display_dma=active
c2p4_benchmark_sprite_dma=active
c2p4_benchmark_audio_dma=inactive
c2p4_benchmark_timing_authority=fs_uae_protocol_only
c2p4_benchmark_timing_scope=hosted_cooperative
c2p4_benchmark_traffic_accounting=pass_lower_bound
c2p4_benchmark_result_storage=streamed_124_bytes
c2p4_mask32_packed_core_bytes=260
c2p4_mask32_byte_core_bytes=528
c2p4_benchmark_canonical_output=pass
c2p4_benchmark_byte4_high_nibble_ignored=pass
c2p4_benchmark_staged_blitter_publication=pass_negative_control
c2p4_benchmark_fs_uae_ks30=pass
c2p_layout_benchmark_hunk_file_bytes=10212
c2p_layout_benchmark_text_bytes=7348
c2p_layout_benchmark_data_bytes=184
c2p_layout_benchmark_bss_bytes=52
c2p_layout_benchmark_backend=reference_c99_O2
c2p_layout_benchmark_timing_authority=fs_uae_protocol_only
c2p_layout_benchmark_eclock_hz=709379
c2p_layout_benchmark_timer_overhead_ticks=40
c2p_layout_benchmark_front_psets=16384
c2p_layout_benchmark_fb8_ticks=1476148
c2p_layout_benchmark_packed4_x2_ticks=1804593
c2p_layout_benchmark_byte4_x2_ticks=1489394
c2p_layout_benchmark_front_byte4_back_packed4_ticks=1644631
c2p_layout_benchmark_planar_checksum=916915588
multilib=libm020
floating_point=soft
smoke_text_bytes=3524
smoke_data_bytes=16
smoke_bss_bytes=32
